// !$*UTF8*$!
{
	archiveVersion = 1;
	classes = {
	};
	objectVersion = 56;
	objects = {

/* Begin PBXBuildFile section */
		7868332A2B8E6F3A00BB8E8B /* AppDelegate.swift in Sources */ = {isa = PBXBuildFile; fileRef = 786833292B8E6F3A00BB8E8B /* AppDelegate.swift */; };
		7868332C2B8E6F3A00BB8E8B /* SceneDelegate.swift in Sources */ = {isa = PBXBuildFile; fileRef = 7868332B2B8E6F3A00BB8E8B /* SceneDelegate.swift */; };
		786833332B8E6F3B00BB8E8B /* Assets.xcassets in Resources */ = {isa = PBXBuildFile; fileRef = 786833322B8E6F3B00BB8E8B /* Assets.xcassets */; };
		786833362B8E6F3B00BB8E8B /* LaunchScreen.storyboard in Resources */ = {isa = PBXBuildFile; fileRef = 786833342B8E6F3B00BB8E8B /* LaunchScreen.storyboard */; };
		7868333E2B8E749200BB8E8B /* SearchVC.swift in Sources */ = {isa = PBXBuildFile; fileRef = 7868333D2B8E749200BB8E8B /* SearchVC.swift */; };
		786833402B8E74C500BB8E8B /* FavoritesListVC.swift in Sources */ = {isa = PBXBuildFile; fileRef = 7868333F2B8E74C500BB8E8B /* FavoritesListVC.swift */; };
		78EF49972B8F1FD60057A795 /* GFButton.swift in Sources */ = {isa = PBXBuildFile; fileRef = 78EF49962B8F1FD60057A795 /* GFButton.swift */; };
		78EF49992B8F25160057A795 /* GFTextField.swift in Sources */ = {isa = PBXBuildFile; fileRef = 78EF49982B8F25160057A795 /* GFTextField.swift */; };
		78EF499B2B8F2F6C0057A795 /* FollowerListVC.swift in Sources */ = {isa = PBXBuildFile; fileRef = 78EF499A2B8F2F6C0057A795 /* FollowerListVC.swift */; };
		78EF499D2B8F3A420057A795 /* GFTitleLabel.swift in Sources */ = {isa = PBXBuildFile; fileRef = 78EF499C2B8F3A420057A795 /* GFTitleLabel.swift */; };
		78EF499F2B8F3B960057A795 /* GFBodyLabel.swift in Sources */ = {isa = PBXBuildFile; fileRef = 78EF499E2B8F3B960057A795 /* GFBodyLabel.swift */; };
		78EF49A12B8F3C4E0057A795 /* GFAlertVC.swift in Sources */ = {isa = PBXBuildFile; fileRef = 78EF49A02B8F3C4E0057A795 /* GFAlertVC.swift */; };
		78EF49A32B8F42850057A795 /* UIViewController+Ext.swift in Sources */ = {isa = PBXBuildFile; fileRef = 78EF49A22B8F42850057A795 /* UIViewController+Ext.swift */; };
		78EF49AA2B8F4A150057A795 /* Follower.swift in Sources */ = {isa = PBXBuildFile; fileRef = 78EF49A92B8F4A150057A795 /* Follower.swift */; };
		78EF49AD2B8F4AEB0057A795 /* User.swift in Sources */ = {isa = PBXBuildFile; fileRef = 78EF49AC2B8F4AEB0057A795 /* User.swift */; };
		78EF49B02B8F4F670057A795 /* NetworkManager.swift in Sources */ = {isa = PBXBuildFile; fileRef = 78EF49AF2B8F4F670057A795 /* NetworkManager.swift */; };
		78EF49B32B8F59850057A795 /* ErrorMessage.swift in Sources */ = {isa = PBXBuildFile; fileRef = 78EF49B22B8F59850057A795 /* ErrorMessage.swift */; };
		78EF49BA2B8F63E40057A795 /* FollowerCell.swift in Sources */ = {isa = PBXBuildFile; fileRef = 78EF49B92B8F63E40057A795 /* FollowerCell.swift */; };
		78EF49BC2B8F64580057A795 /* GFAvatarImageView.swift in Sources */ = {isa = PBXBuildFile; fileRef = 78EF49BB2B8F64580057A795 /* GFAvatarImageView.swift */; };
		78EF49BF2B8F81BF0057A795 /* UIHelper.swift in Sources */ = {isa = PBXBuildFile; fileRef = 78EF49BE2B8F81BF0057A795 /* UIHelper.swift */; };
/* End PBXBuildFile section */

/* Begin PBXFileReference section */
		786833262B8E6F3A00BB8E8B /* GHFolowers.app */ = {isa = PBXFileReference; explicitFileType = wrapper.application; includeInIndex = 0; path = GHFolowers.app; sourceTree = BUILT_PRODUCTS_DIR; };
		786833292B8E6F3A00BB8E8B /* AppDelegate.swift */ = {isa = PBXFileReference; lastKnownFileType = sourcecode.swift; path = AppDelegate.swift; sourceTree = "<group>"; };
		7868332B2B8E6F3A00BB8E8B /* SceneDelegate.swift */ = {isa = PBXFileReference; lastKnownFileType = sourcecode.swift; path = SceneDelegate.swift; sourceTree = "<group>"; };
		786833322B8E6F3B00BB8E8B /* Assets.xcassets */ = {isa = PBXFileReference; lastKnownFileType = folder.assetcatalog; path = Assets.xcassets; sourceTree = "<group>"; };
		786833352B8E6F3B00BB8E8B /* Base */ = {isa = PBXFileReference; lastKnownFileType = file.storyboard; name = Base; path = Base.lproj/LaunchScreen.storyboard; sourceTree = "<group>"; };
		786833372B8E6F3B00BB8E8B /* Info.plist */ = {isa = PBXFileReference; lastKnownFileType = text.plist.xml; path = Info.plist; sourceTree = "<group>"; };
		7868333D2B8E749200BB8E8B /* SearchVC.swift */ = {isa = PBXFileReference; lastKnownFileType = sourcecode.swift; path = SearchVC.swift; sourceTree = "<group>"; };
		7868333F2B8E74C500BB8E8B /* FavoritesListVC.swift */ = {isa = PBXFileReference; lastKnownFileType = sourcecode.swift; path = FavoritesListVC.swift; sourceTree = "<group>"; };
		78EF49962B8F1FD60057A795 /* GFButton.swift */ = {isa = PBXFileReference; lastKnownFileType = sourcecode.swift; path = GFButton.swift; sourceTree = "<group>"; };
		78EF49982B8F25160057A795 /* GFTextField.swift */ = {isa = PBXFileReference; lastKnownFileType = sourcecode.swift; path = GFTextField.swift; sourceTree = "<group>"; };
		78EF499A2B8F2F6C0057A795 /* FollowerListVC.swift */ = {isa = PBXFileReference; lastKnownFileType = sourcecode.swift; path = FollowerListVC.swift; sourceTree = "<group>"; };
		78EF499C2B8F3A420057A795 /* GFTitleLabel.swift */ = {isa = PBXFileReference; lastKnownFileType = sourcecode.swift; path = GFTitleLabel.swift; sourceTree = "<group>"; };
		78EF499E2B8F3B960057A795 /* GFBodyLabel.swift */ = {isa = PBXFileReference; lastKnownFileType = sourcecode.swift; path = GFBodyLabel.swift; sourceTree = "<group>"; };
		78EF49A02B8F3C4E0057A795 /* GFAlertVC.swift */ = {isa = PBXFileReference; lastKnownFileType = sourcecode.swift; path = GFAlertVC.swift; sourceTree = "<group>"; };
		78EF49A22B8F42850057A795 /* UIViewController+Ext.swift */ = {isa = PBXFileReference; lastKnownFileType = sourcecode.swift; path = "UIViewController+Ext.swift"; sourceTree = "<group>"; };
		78EF49A92B8F4A150057A795 /* Follower.swift */ = {isa = PBXFileReference; lastKnownFileType = sourcecode.swift; path = Follower.swift; sourceTree = "<group>"; };
		78EF49AC2B8F4AEB0057A795 /* User.swift */ = {isa = PBXFileReference; lastKnownFileType = sourcecode.swift; path = User.swift; sourceTree = "<group>"; };
		78EF49AF2B8F4F670057A795 /* NetworkManager.swift */ = {isa = PBXFileReference; lastKnownFileType = sourcecode.swift; path = NetworkManager.swift; sourceTree = "<group>"; };
		78EF49B22B8F59850057A795 /* ErrorMessage.swift */ = {isa = PBXFileReference; lastKnownFileType = sourcecode.swift; path = ErrorMessage.swift; sourceTree = "<group>"; };
		78EF49B92B8F63E40057A795 /* FollowerCell.swift */ = {isa = PBXFileReference; lastKnownFileType = sourcecode.swift; path = FollowerCell.swift; sourceTree = "<group>"; };
		78EF49BB2B8F64580057A795 /* GFAvatarImageView.swift */ = {isa = PBXFileReference; lastKnownFileType = sourcecode.swift; path = GFAvatarImageView.swift; sourceTree = "<group>"; };
		78EF49BE2B8F81BF0057A795 /* UIHelper.swift */ = {isa = PBXFileReference; lastKnownFileType = sourcecode.swift; path = UIHelper.swift; sourceTree = "<group>"; };
/* End PBXFileReference section */

/* Begin PBXFrameworksBuildPhase section */
		786833232B8E6F3A00BB8E8B /* Frameworks */ = {
			isa = PBXFrameworksBuildPhase;
			buildActionMask = 2147483647;
			files = (
			);
			runOnlyForDeploymentPostprocessing = 0;
		};
/* End PBXFrameworksBuildPhase section */

/* Begin PBXGroup section */
		7868331D2B8E6F3A00BB8E8B = {
			isa = PBXGroup;
			children = (
				786833282B8E6F3A00BB8E8B /* GHFolowers */,
				786833272B8E6F3A00BB8E8B /* Products */,
			);
			sourceTree = "<group>";
		};
		786833272B8E6F3A00BB8E8B /* Products */ = {
			isa = PBXGroup;
			children = (
				786833262B8E6F3A00BB8E8B /* GHFolowers.app */,
			);
			name = Products;
			sourceTree = "<group>";
		};
		786833282B8E6F3A00BB8E8B /* GHFolowers */ = {
			isa = PBXGroup;
			children = (
				78EF49A42B8F44CB0057A795 /* Screens */,
				78EF49A52B8F45020057A795 /* CustomViews */,
				78EF49A82B8F4A070057A795 /* Model */,
				78EF49AE2B8F4F560057A795 /* Manager */,
				78EF49B12B8F59690057A795 /* Utilities */,
				78EF49A62B8F45310057A795 /* Extensions */,
				78EF49A72B8F45920057A795 /* Support */,
				786833372B8E6F3B00BB8E8B /* Info.plist */,
			);
			path = GHFolowers;
			sourceTree = "<group>";
		};
		78EF49A42B8F44CB0057A795 /* Screens */ = {
			isa = PBXGroup;
			children = (
				7868333D2B8E749200BB8E8B /* SearchVC.swift */,
				78EF499A2B8F2F6C0057A795 /* FollowerListVC.swift */,
				7868333F2B8E74C500BB8E8B /* FavoritesListVC.swift */,
			);
			path = Screens;
			sourceTree = "<group>";
		};
		78EF49A52B8F45020057A795 /* CustomViews */ = {
			isa = PBXGroup;
			children = (
				78EF49BD2B8F65800057A795 /* Images */,
				78EF49B82B8F639C0057A795 /* Cells */,
				78EF49B72B8F638A0057A795 /* Alerts */,
				78EF49B62B8F637A0057A795 /* TextFiields */,
				78EF49B52B8F63720057A795 /* Labels */,
				78EF49B42B8F63690057A795 /* Buttons */,
			);
			path = CustomViews;
			sourceTree = "<group>";
		};
		78EF49A62B8F45310057A795 /* Extensions */ = {
			isa = PBXGroup;
			children = (
				78EF49A22B8F42850057A795 /* UIViewController+Ext.swift */,
			);
			path = Extensions;
			sourceTree = "<group>";
		};
		78EF49A72B8F45920057A795 /* Support */ = {
			isa = PBXGroup;
			children = (
				786833292B8E6F3A00BB8E8B /* AppDelegate.swift */,
				7868332B2B8E6F3A00BB8E8B /* SceneDelegate.swift */,
				786833342B8E6F3B00BB8E8B /* LaunchScreen.storyboard */,
				786833322B8E6F3B00BB8E8B /* Assets.xcassets */,
			);
			path = Support;
			sourceTree = "<group>";
		};
		78EF49A82B8F4A070057A795 /* Model */ = {
			isa = PBXGroup;
			children = (
				78EF49A92B8F4A150057A795 /* Follower.swift */,
				78EF49AC2B8F4AEB0057A795 /* User.swift */,
			);
			path = Model;
			sourceTree = "<group>";
		};
		78EF49AE2B8F4F560057A795 /* Manager */ = {
			isa = PBXGroup;
			children = (
				78EF49AF2B8F4F670057A795 /* NetworkManager.swift */,
			);
			path = Manager;
			sourceTree = "<group>";
		};
		78EF49B12B8F59690057A795 /* Utilities */ = {
			isa = PBXGroup;
			children = (
				78EF49B22B8F59850057A795 /* ErrorMessage.swift */,
				78EF49BE2B8F81BF0057A795 /* UIHelper.swift */,
			);
			path = Utilities;
			sourceTree = "<group>";
		};
		78EF49B42B8F63690057A795 /* Buttons */ = {
			isa = PBXGroup;
			children = (
				78EF49962B8F1FD60057A795 /* GFButton.swift */,
			);
			path = Buttons;
			sourceTree = "<group>";
		};
		78EF49B52B8F63720057A795 /* Labels */ = {
			isa = PBXGroup;
			children = (
				78EF499E2B8F3B960057A795 /* GFBodyLabel.swift */,
				78EF499C2B8F3A420057A795 /* GFTitleLabel.swift */,
			);
			path = Labels;
			sourceTree = "<group>";
		};
		78EF49B62B8F637A0057A795 /* TextFiields */ = {
			isa = PBXGroup;
			children = (
				78EF49982B8F25160057A795 /* GFTextField.swift */,
			);
			path = TextFiields;
			sourceTree = "<group>";
		};
		78EF49B72B8F638A0057A795 /* Alerts */ = {
			isa = PBXGroup;
			children = (
				78EF49A02B8F3C4E0057A795 /* GFAlertVC.swift */,
			);
			path = Alerts;
			sourceTree = "<group>";
		};
		78EF49B82B8F639C0057A795 /* Cells */ = {
			isa = PBXGroup;
			children = (
				78EF49B92B8F63E40057A795 /* FollowerCell.swift */,
			);
			path = Cells;
			sourceTree = "<group>";
		};
		78EF49BD2B8F65800057A795 /* Images */ = {
			isa = PBXGroup;
			children = (
				78EF49BB2B8F64580057A795 /* GFAvatarImageView.swift */,
			);
			path = Images;
			sourceTree = "<group>";
		};
/* End PBXGroup section */

/* Begin PBXNativeTarget section */
		786833252B8E6F3A00BB8E8B /* GHFolowers */ = {
			isa = PBXNativeTarget;
			buildConfigurationList = 7868333A2B8E6F3B00BB8E8B /* Build configuration list for PBXNativeTarget "GHFolowers" */;
			buildPhases = (
				786833222B8E6F3A00BB8E8B /* Sources */,
				786833232B8E6F3A00BB8E8B /* Frameworks */,
				786833242B8E6F3A00BB8E8B /* Resources */,
			);
			buildRules = (
			);
			dependencies = (
			);
			name = GHFolowers;
			productName = GHFolowers;
			productReference = 786833262B8E6F3A00BB8E8B /* GHFolowers.app */;
			productType = "com.apple.product-type.application";
		};
/* End PBXNativeTarget section */

/* Begin PBXProject section */
		7868331E2B8E6F3A00BB8E8B /* Project object */ = {
			isa = PBXProject;
			attributes = {
				BuildIndependentTargetsInParallel = 1;
				LastSwiftUpdateCheck = 1520;
				LastUpgradeCheck = 1520;
				TargetAttributes = {
					786833252B8E6F3A00BB8E8B = {
						CreatedOnToolsVersion = 15.2;
					};
				};
			};
			buildConfigurationList = 786833212B8E6F3A00BB8E8B /* Build configuration list for PBXProject "GHFolowers" */;
			compatibilityVersion = "Xcode 14.0";
			developmentRegion = en;
			hasScannedForEncodings = 0;
			knownRegions = (
				en,
				Base,
			);
			mainGroup = 7868331D2B8E6F3A00BB8E8B;
			productRefGroup = 786833272B8E6F3A00BB8E8B /* Products */;
			projectDirPath = "";
			projectRoot = "";
			targets = (
				786833252B8E6F3A00BB8E8B /* GHFolowers */,
			);
		};
/* End PBXProject section */

/* Begin PBXResourcesBuildPhase section */
		786833242B8E6F3A00BB8E8B /* Resources */ = {
			isa = PBXResourcesBuildPhase;
			buildActionMask = 2147483647;
			files = (
				786833362B8E6F3B00BB8E8B /* LaunchScreen.storyboard in Resources */,
				786833332B8E6F3B00BB8E8B /* Assets.xcassets in Resources */,
			);
			runOnlyForDeploymentPostprocessing = 0;
		};
/* End PBXResourcesBuildPhase section */

/* Begin PBXSourcesBuildPhase section */
		786833222B8E6F3A00BB8E8B /* Sources */ = {
			isa = PBXSourcesBuildPhase;
			buildActionMask = 2147483647;
			files = (
				78EF49AD2B8F4AEB0057A795 /* User.swift in Sources */,
				78EF49992B8F25160057A795 /* GFTextField.swift in Sources */,
				786833402B8E74C500BB8E8B /* FavoritesListVC.swift in Sources */,
				78EF49972B8F1FD60057A795 /* GFButton.swift in Sources */,
				78EF49A32B8F42850057A795 /* UIViewController+Ext.swift in Sources */,
				78EF49BF2B8F81BF0057A795 /* UIHelper.swift in Sources */,
				7868333E2B8E749200BB8E8B /* SearchVC.swift in Sources */,
				78EF49BC2B8F64580057A795 /* GFAvatarImageView.swift in Sources */,
				78EF49A12B8F3C4E0057A795 /* GFAlertVC.swift in Sources */,
				78EF49BA2B8F63E40057A795 /* FollowerCell.swift in Sources */,
				78EF49B32B8F59850057A795 /* ErrorMessage.swift in Sources */,
				78EF499F2B8F3B960057A795 /* GFBodyLabel.swift in Sources */,
				78EF49AA2B8F4A150057A795 /* Follower.swift in Sources */,
				78EF499D2B8F3A420057A795 /* GFTitleLabel.swift in Sources */,
				78EF49B02B8F4F670057A795 /* NetworkManager.swift in Sources */,
				78EF499B2B8F2F6C0057A795 /* FollowerListVC.swift in Sources */,
				7868332A2B8E6F3A00BB8E8B /* AppDelegate.swift in Sources */,
				7868332C2B8E6F3A00BB8E8B /* SceneDelegate.swift in Sources */,
			);
			runOnlyForDeploymentPostprocessing = 0;
		};
/* End PBXSourcesBuildPhase section */

/* Begin PBXVariantGroup section */
		786833342B8E6F3B00BB8E8B /* LaunchScreen.storyboard */ = {
			isa = PBXVariantGroup;
			children = (
				786833352B8E6F3B00BB8E8B /* Base */,
			);
			name = LaunchScreen.storyboard;
			sourceTree = "<group>";
		};
/* End PBXVariantGroup section */

/* Begin XCBuildConfiguration section */
		786833382B8E6F3B00BB8E8B /* Debug */ = {
			isa = XCBuildConfiguration;
			buildSettings = {
				ALWAYS_SEARCH_USER_PATHS = NO;
				ASSETCATALOG_COMPILER_GENERATE_SWIFT_ASSET_SYMBOL_EXTENSIONS = YES;
				CLANG_ANALYZER_NONNULL = YES;
				CLANG_ANALYZER_NUMBER_OBJECT_CONVERSION = YES_AGGRESSIVE;
				CLANG_CXX_LANGUAGE_STANDARD = "gnu++20";
				CLANG_ENABLE_MODULES = YES;
				CLANG_ENABLE_OBJC_ARC = YES;
				CLANG_ENABLE_OBJC_WEAK = YES;
				CLANG_WARN_BLOCK_CAPTURE_AUTORELEASING = YES;
				CLANG_WARN_BOOL_CONVERSION = YES;
				CLANG_WARN_COMMA = YES;
				CLANG_WARN_CONSTANT_CONVERSION = YES;
				CLANG_WARN_DEPRECATED_OBJC_IMPLEMENTATIONS = YES;
				CLANG_WARN_DIRECT_OBJC_ISA_USAGE = YES_ERROR;
				CLANG_WARN_DOCUMENTATION_COMMENTS = YES;
				CLANG_WARN_EMPTY_BODY = YES;
				CLANG_WARN_ENUM_CONVERSION = YES;
				CLANG_WARN_INFINITE_RECURSION = YES;
				CLANG_WARN_INT_CONVERSION = YES;
				CLANG_WARN_NON_LITERAL_NULL_CONVERSION = YES;
				CLANG_WARN_OBJC_IMPLICIT_RETAIN_SELF = YES;
				CLANG_WARN_OBJC_LITERAL_CONVERSION = YES;
				CLANG_WARN_OBJC_ROOT_CLASS = YES_ERROR;
				CLANG_WARN_QUOTED_INCLUDE_IN_FRAMEWORK_HEADER = YES;
				CLANG_WARN_RANGE_LOOP_ANALYSIS = YES;
				CLANG_WARN_STRICT_PROTOTYPES = YES;
				CLANG_WARN_SUSPICIOUS_MOVE = YES;
				CLANG_WARN_UNGUARDED_AVAILABILITY = YES_AGGRESSIVE;
				CLANG_WARN_UNREACHABLE_CODE = YES;
				CLANG_WARN__DUPLICATE_METHOD_MATCH = YES;
				COPY_PHASE_STRIP = NO;
				DEBUG_INFORMATION_FORMAT = dwarf;
				ENABLE_STRICT_OBJC_MSGSEND = YES;
				ENABLE_TESTABILITY = YES;
				ENABLE_USER_SCRIPT_SANDBOXING = YES;
				GCC_C_LANGUAGE_STANDARD = gnu17;
				GCC_DYNAMIC_NO_PIC = NO;
				GCC_NO_COMMON_BLOCKS = YES;
				GCC_OPTIMIZATION_LEVEL = 0;
				GCC_PREPROCESSOR_DEFINITIONS = (
					"DEBUG=1",
					"$(inherited)",
				);
				GCC_WARN_64_TO_32_BIT_CONVERSION = YES;
				GCC_WARN_ABOUT_RETURN_TYPE = YES_ERROR;
				GCC_WARN_UNDECLARED_SELECTOR = YES;
				GCC_WARN_UNINITIALIZED_AUTOS = YES_AGGRESSIVE;
				GCC_WARN_UNUSED_FUNCTION = YES;
				GCC_WARN_UNUSED_VARIABLE = YES;
				IPHONEOS_DEPLOYMENT_TARGET = 16.0;
				LOCALIZATION_PREFERS_STRING_CATALOGS = YES;
				MTL_ENABLE_DEBUG_INFO = INCLUDE_SOURCE;
				MTL_FAST_MATH = YES;
				ONLY_ACTIVE_ARCH = YES;
				SDKROOT = iphoneos;
				SWIFT_ACTIVE_COMPILATION_CONDITIONS = "DEBUG $(inherited)";
				SWIFT_OPTIMIZATION_LEVEL = "-Onone";
			};
			name = Debug;
		};
		786833392B8E6F3B00BB8E8B /* Release */ = {
			isa = XCBuildConfiguration;
			buildSettings = {
				ALWAYS_SEARCH_USER_PATHS = NO;
				ASSETCATALOG_COMPILER_GENERATE_SWIFT_ASSET_SYMBOL_EXTENSIONS = YES;
				CLANG_ANALYZER_NONNULL = YES;
				CLANG_ANALYZER_NUMBER_OBJECT_CONVERSION = YES_AGGRESSIVE;
				CLANG_CXX_LANGUAGE_STANDARD = "gnu++20";
				CLANG_ENABLE_MODULES = YES;
				CLANG_ENABLE_OBJC_ARC = YES;
				CLANG_ENABLE_OBJC_WEAK = YES;
				CLANG_WARN_BLOCK_CAPTURE_AUTORELEASING = YES;
				CLANG_WARN_BOOL_CONVERSION = YES;
				CLANG_WARN_COMMA = YES;
				CLANG_WARN_CONSTANT_CONVERSION = YES;
				CLANG_WARN_DEPRECATED_OBJC_IMPLEMENTATIONS = YES;
				CLANG_WARN_DIRECT_OBJC_ISA_USAGE = YES_ERROR;
				CLANG_WARN_DOCUMENTATION_COMMENTS = YES;
				CLANG_WARN_EMPTY_BODY = YES;
				CLANG_WARN_ENUM_CONVERSION = YES;
				CLANG_WARN_INFINITE_RECURSION = YES;
				CLANG_WARN_INT_CONVERSION = YES;
				CLANG_WARN_NON_LITERAL_NULL_CONVERSION = YES;
				CLANG_WARN_OBJC_IMPLICIT_RETAIN_SELF = YES;
				CLANG_WARN_OBJC_LITERAL_CONVERSION = YES;
				CLANG_WARN_OBJC_ROOT_CLASS = YES_ERROR;
				CLANG_WARN_QUOTED_INCLUDE_IN_FRAMEWORK_HEADER = YES;
				CLANG_WARN_RANGE_LOOP_ANALYSIS = YES;
				CLANG_WARN_STRICT_PROTOTYPES = YES;
				CLANG_WARN_SUSPICIOUS_MOVE = YES;
				CLANG_WARN_UNGUARDED_AVAILABILITY = YES_AGGRESSIVE;
				CLANG_WARN_UNREACHABLE_CODE = YES;
				CLANG_WARN__DUPLICATE_METHOD_MATCH = YES;
				COPY_PHASE_STRIP = NO;
				DEBUG_INFORMATION_FORMAT = "dwarf-with-dsym";
				ENABLE_NS_ASSERTIONS = NO;
				ENABLE_STRICT_OBJC_MSGSEND = YES;
				ENABLE_USER_SCRIPT_SANDBOXING = YES;
				GCC_C_LANGUAGE_STANDARD = gnu17;
				GCC_NO_COMMON_BLOCKS = YES;
				GCC_WARN_64_TO_32_BIT_CONVERSION = YES;
				GCC_WARN_ABOUT_RETURN_TYPE = YES_ERROR;
				GCC_WARN_UNDECLARED_SELECTOR = YES;
				GCC_WARN_UNINITIALIZED_AUTOS = YES_AGGRESSIVE;
				GCC_WARN_UNUSED_FUNCTION = YES;
				GCC_WARN_UNUSED_VARIABLE = YES;
				IPHONEOS_DEPLOYMENT_TARGET = 16.0;
				LOCALIZATION_PREFERS_STRING_CATALOGS = YES;
				MTL_ENABLE_DEBUG_INFO = NO;
				MTL_FAST_MATH = YES;
				SDKROOT = iphoneos;
				SWIFT_COMPILATION_MODE = wholemodule;
				VALIDATE_PRODUCT = YES;
			};
			name = Release;
		};
		7868333B2B8E6F3B00BB8E8B /* Debug */ = {
			isa = XCBuildConfiguration;
			buildSettings = {
				ASSETCATALOG_COMPILER_APPICON_NAME = AppIcon;
				ASSETCATALOG_COMPILER_GLOBAL_ACCENT_COLOR_NAME = AccentColor;
				CODE_SIGN_STYLE = Automatic;
				CURRENT_PROJECT_VERSION = 1;
				DEVELOPMENT_TEAM = K3XWRTF242;
				GENERATE_INFOPLIST_FILE = YES;
				INFOPLIST_FILE = GHFolowers/Info.plist;
				INFOPLIST_KEY_CFBundleDisplayName = GHFolowes;
				INFOPLIST_KEY_UIApplicationSupportsIndirectInputEvents = YES;
				INFOPLIST_KEY_UILaunchStoryboardName = LaunchScreen;
				INFOPLIST_KEY_UISupportedInterfaceOrientations = UIInterfaceOrientationPortrait;
				INFOPLIST_KEY_UISupportedInterfaceOrientations_iPad = "UIInterfaceOrientationLandscapeLeft UIInterfaceOrientationLandscapeRight UIInterfaceOrientationPortrait UIInterfaceOrientationPortraitUpsideDown";
				IPHONEOS_DEPLOYMENT_TARGET = 15.4;
				LD_RUNPATH_SEARCH_PATHS = (
					"$(inherited)",
					"@executable_path/Frameworks",
				);
				MARKETING_VERSION = 1.0;
				PRODUCT_BUNDLE_IDENTIFIER = mareksrutka.GHFolowers;
				PRODUCT_NAME = "$(TARGET_NAME)";
				SUPPORTED_PLATFORMS = "iphoneos iphonesimulator";
				SUPPORTS_MACCATALYST = NO;
				SUPPORTS_MAC_DESIGNED_FOR_IPHONE_IPAD = NO;
				SUPPORTS_XR_DESIGNED_FOR_IPHONE_IPAD = NO;
				SWIFT_EMIT_LOC_STRINGS = YES;
				SWIFT_VERSION = 5.0;
				TARGETED_DEVICE_FAMILY = 1;
			};
			name = Debug;
		};
		7868333C2B8E6F3B00BB8E8B /* Release */ = {
			isa = XCBuildConfiguration;
			buildSettings = {
				ASSETCATALOG_COMPILER_APPICON_NAME = AppIcon;
				ASSETCATALOG_COMPILER_GLOBAL_ACCENT_COLOR_NAME = AccentColor;
				CODE_SIGN_STYLE = Automatic;
				CURRENT_PROJECT_VERSION = 1;
				DEVELOPMENT_TEAM = K3XWRTF242;
				GENERATE_INFOPLIST_FILE = YES;
				INFOPLIST_FILE = GHFolowers/Info.plist;
				INFOPLIST_KEY_CFBundleDisplayName = GHFolowes;
				INFOPLIST_KEY_UIApplicationSupportsIndirectInputEvents = YES;
				INFOPLIST_KEY_UILaunchStoryboardName = LaunchScreen;
				INFOPLIST_KEY_UISupportedInterfaceOrientations = UIInterfaceOrientationPortrait;
				INFOPLIST_KEY_UISupportedInterfaceOrientations_iPad = "UIInterfaceOrientationLandscapeLeft UIInterfaceOrientationLandscapeRight UIInterfaceOrientationPortrait UIInterfaceOrientationPortraitUpsideDown";
				IPHONEOS_DEPLOYMENT_TARGET = 15.4;
				LD_RUNPATH_SEARCH_PATHS = (
					"$(inherited)",
					"@executable_path/Frameworks",
				);
				MARKETING_VERSION = 1.0;
				PRODUCT_BUNDLE_IDENTIFIER = mareksrutka.GHFolowers;
				PRODUCT_NAME = "$(TARGET_NAME)";
				SUPPORTED_PLATFORMS = "iphoneos iphonesimulator";
				SUPPORTS_MACCATALYST = NO;
				SUPPORTS_MAC_DESIGNED_FOR_IPHONE_IPAD = NO;
				SUPPORTS_XR_DESIGNED_FOR_IPHONE_IPAD = NO;
				SWIFT_EMIT_LOC_STRINGS = YES;
				SWIFT_VERSION = 5.0;
				TARGETED_DEVICE_FAMILY = 1;
			};
			name = Release;
		};
/* End XCBuildConfiguration section */

/* Begin XCConfigurationList section */
		786833212B8E6F3A00BB8E8B /* Build configuration list for PBXProject "GHFolowers" */ = {
			isa = XCConfigurationList;
			buildConfigurations = (
				786833382B8E6F3B00BB8E8B /* Debug */,
				786833392B8E6F3B00BB8E8B /* Release */,
			);
			defaultConfigurationIsVisible = 0;
			defaultConfigurationName = Release;
		};
		7868333A2B8E6F3B00BB8E8B /* Build configuration list for PBXNativeTarget "GHFolowers" */ = {
			isa = XCConfigurationList;
			buildConfigurations = (
				7868333B2B8E6F3B00BB8E8B /* Debug */,
				7868333C2B8E6F3B00BB8E8B /* Release */,
			);
			defaultConfigurationIsVisible = 0;
			defaultConfigurationName = Release;
		};
/* End XCConfigurationList section */
	};
	rootObject = 7868331E2B8E6F3A00BB8E8B /* Project object */;
}
